
Microsoft Visual Studio Solution File, Format Version 12.00
# Visual Studio Version 17
VisualStudioVersion = 17.5.002.0
MinimumVisualStudioVersion = 10.0.40219.1
Project("{9A19103F-16F7-4668-BE54-9A1E7A4F7556}") = "gbptodollar", "f_dotnet_pound_to_dollar\gbptodollar.csproj", "{A543430C-4718-4B35-8C12-496D733DF5E4}"
EndProject
Global
	GlobalSection(SolutionConfigurationPlatforms) = preSolution
		Debug|Any CPU = Debug|Any CPU
		Release|Any CPU = Release|Any CPU
	EndGlobalSection
	GlobalSection(ProjectConfigurationPlatforms) = postSolution
		{A543430C-4718-4B35-8C12-496D733DF5E4}.Debug|Any CPU.ActiveCfg = Debug|Any CPU
		{A543430C-4718-4B35-8C12-496D733DF5E4}.Debug|Any CPU.Build.0 = Debug|Any CPU
		{A543430C-4718-4B35-8C12-496D733DF5E4}.Release|Any CPU.ActiveCfg = Release|Any CPU
		{A543430C-4718-4B35-8C12-496D733DF5E4}.Release|Any CPU.Build.0 = Release|Any CPU
	EndGlobalSection
	GlobalSection(SolutionProperties) = preSolution
		HideSolutionNode = FALSE
	EndGlobalSection
	GlobalSection(ExtensibilityGlobals) = postSolution
		SolutionGuid = {3C1F6ADD-26C6-49F3-A55B-209CB8A0770A}
	EndGlobalSection
EndGlobal
